{
  "requires": true,
  "lockfileVersion": 1,
  "dependencies": {
    "sortablejs": {
      "version": "1.10.2",
      "resolved": "https://registry.npmjs.org/sortablejs/-/sortablejs-1.10.2.tgz",
      "integrity": "sha512-YkPGufevysvfwn5rfdlGyrGjt7/CRHwvRPogD/lC+TnvcN29jDpCifKP+rBqf+LRldfXSTh+0CGLcSg0VIxq3A=="
    },
    "tslib": {
      "version": "1.11.1",
      "resolved": "https://registry.npmjs.org/tslib/-/tslib-1.11.1.tgz",
      "integrity": "sha512-aZW88SY8kQbU7gpV19lN24LtXh/yD4ZZg6qieAJDDg+YBsJcSmLGK9QpnUjAKVG/xefmvJGd1WUmfpT/g6AJGA=="
    },
    "typescript": {
      "version": "3.8.3",
      "resolved": "https://registry.npmjs.org/typescript/-/typescript-3.8.3.tgz",
      "integrity": "sha512-MYlEfn5VrLNsgudQTVJeNaQFUAI7DkhnOjdpAp4T+ku1TfQClewlbSuTVHiA+8skNBgaf02TL/kLOvig4y3G8w=="
    },
    "vue-bus-ts": {
      "version": "1.0.8",
      "resolved": "https://registry.npmjs.org/vue-bus-ts/-/vue-bus-ts-1.0.8.tgz",
      "integrity": "sha512-gG+M1uVEBYpmWwzIW5egPDVWIMO69m0UX7hszDkXVlso5o6RiIofICM7rPxdW5BucFB5TAI0x7Q9l7EiPpEORw=="
    },
    "vue-draggable": {
      "version": "2.0.6",
      "resolved": "https://registry.npmjs.org/vue-draggable/-/vue-draggable-2.0.6.tgz",
      "integrity": "sha512-/FHtAwrhy6a4duF/zr5Sf3oowf3BMHdcEfi1v8SsYYFCNqbKvBFUaiMs7Lw1ZQq2/2j6yvBoAHPKVmuLFSSiJw=="
    },
    "vuedraggable": {
      "version": "2.23.2",
      "resolved": "https://registry.npmjs.org/vuedraggable/-/vuedraggable-2.23.2.tgz",
      "integrity": "sha512-PgHCjUpxEAEZJq36ys49HfQmXglattf/7ofOzUrW2/rRdG7tu6fK84ir14t1jYv4kdXewTEa2ieKEAhhEMdwkQ==",
      "requires": {
        "sortablejs": "^1.10.1"
      }
    }
  }
}
